
Microsoft Visual Studio Solution File, Format Version 12.00
# Visual Studio Version 17
VisualStudioVersion = 17.9.34728.123
MinimumVisualStudioVersion = 10.0.40219.1
Project("{FAE04EC0-301F-11D3-BF4B-00C04F79EFBC}") = "HMS.Entities", "HMS.Entity\HMS.Entities.csproj", "{2D261695-198F-49AD-A698-D5D850BE2C1D}"
EndProject
Project("{FAE04EC0-301F-11D3-BF4B-00C04F79EFBC}") = "HMS.Data", "HMS.Data\HMS.Data.csproj", "{3CC4349C-6230-48A3-B202-E20B2CF9E82E}"
EndProject
Project("{FAE04EC0-301F-11D3-BF4B-00C04F79EFBC}") = "HMS.Web", "HMS.Web\HMS.Web.csproj", "{AD529F7A-499D-4C93-B1D5-055D773CEBB2}"
EndProject
Project("{FAE04EC0-301F-11D3-BF4B-00C04F79EFBC}") = "HMS.Services", "HMS.Services\HMS.Services.csproj", "{2683EC96-3038-4349-BFF7-660CACAA00C2}"
EndProject
Global
	GlobalSection(SolutionConfigurationPlatforms) = preSolution
		Debug|Any CPU = Debug|Any CPU
		Release|Any CPU = Release|Any CPU
	EndGlobalSection
	GlobalSection(ProjectConfigurationPlatforms) = postSolution
		{2D261695-198F-49AD-A698-D5D850BE2C1D}.Debug|Any CPU.ActiveCfg = Debug|Any CPU
		{2D261695-198F-49AD-A698-D5D850BE2C1D}.Debug|Any CPU.Build.0 = Debug|Any CPU
		{2D261695-198F-49AD-A698-D5D850BE2C1D}.Release|Any CPU.ActiveCfg = Release|Any CPU
		{2D261695-198F-49AD-A698-D5D850BE2C1D}.Release|Any CPU.Build.0 = Release|Any CPU
		{3CC4349C-6230-48A3-B202-E20B2CF9E82E}.Debug|Any CPU.ActiveCfg = Debug|Any CPU
		{3CC4349C-6230-48A3-B202-E20B2CF9E82E}.Debug|Any CPU.Build.0 = Debug|Any CPU
		{3CC4349C-6230-48A3-B202-E20B2CF9E82E}.Release|Any CPU.ActiveCfg = Release|Any CPU
		{3CC4349C-6230-48A3-B202-E20B2CF9E82E}.Release|Any CPU.Build.0 = Release|Any CPU
		{AD529F7A-499D-4C93-B1D5-055D773CEBB2}.Debug|Any CPU.ActiveCfg = Debug|Any CPU
		{AD529F7A-499D-4C93-B1D5-055D773CEBB2}.Debug|Any CPU.Build.0 = Debug|Any CPU
		{AD529F7A-499D-4C93-B1D5-055D773CEBB2}.Release|Any CPU.ActiveCfg = Release|Any CPU
		{AD529F7A-499D-4C93-B1D5-055D773CEBB2}.Release|Any CPU.Build.0 = Release|Any CPU
		{2683EC96-3038-4349-BFF7-660CACAA00C2}.Debug|Any CPU.ActiveCfg = Debug|Any CPU
		{2683EC96-3038-4349-BFF7-660CACAA00C2}.Debug|Any CPU.Build.0 = Debug|Any CPU
		{2683EC96-3038-4349-BFF7-660CACAA00C2}.Release|Any CPU.ActiveCfg = Release|Any CPU
		{2683EC96-3038-4349-BFF7-660CACAA00C2}.Release|Any CPU.Build.0 = Release|Any CPU
	EndGlobalSection
	GlobalSection(SolutionProperties) = preSolution
		HideSolutionNode = FALSE
	EndGlobalSection
	GlobalSection(ExtensibilityGlobals) = postSolution
		SolutionGuid = {A83C3550-361F-4F04-8640-1CED48BEF772}
	EndGlobalSection
EndGlobal
